
Microsoft Visual Studio Solution File, Format Version 12.00
# Visual Studio 15
VisualStudioVersion = 15.0.28307.271
MinimumVisualStudioVersion = 10.0.40219.1
Project("{FAE04EC0-301F-11D3-BF4B-00C04F79EFBC}") = "CreateMasterDetailReportInCode", "CreateMasterDetailReportInCode\CreateMasterDetailReportInCode.csproj", "{7AC320FA-1379-47B2-9BBC-D3D30D17A7B2}"
EndProject
Global
	GlobalSection(SolutionConfigurationPlatforms) = preSolution
		Debug|Any CPU = Debug|Any CPU
		Release|Any CPU = Release|Any CPU
	EndGlobalSection
	GlobalSection(ProjectConfigurationPlatforms) = postSolution
		{7AC320FA-1379-47B2-9BBC-D3D30D17A7B2}.Debug|Any CPU.ActiveCfg = Debug|Any CPU
		{7AC320FA-1379-47B2-9BBC-D3D30D17A7B2}.Debug|Any CPU.Build.0 = Debug|Any CPU
		{7AC320FA-1379-47B2-9BBC-D3D30D17A7B2}.Release|Any CPU.ActiveCfg = Release|Any CPU
		{7AC320FA-1379-47B2-9BBC-D3D30D17A7B2}.Release|Any CPU.Build.0 = Release|Any CPU
	EndGlobalSection
	GlobalSection(SolutionProperties) = preSolution
		HideSolutionNode = FALSE
	EndGlobalSection
	GlobalSection(ExtensibilityGlobals) = postSolution
		SolutionGuid = {E9509ED6-6B2A-47A6-A0C5-9E8B900FFB1D}
	EndGlobalSection
EndGlobal
